
Microsoft Visual Studio Solution File, Format Version 12.00
# Visual Studio Version 17
VisualStudioVersion = 17.0.31919.166
MinimumVisualStudioVersion = 10.0.40219.1
Project("{FAE04EC0-301F-11D3-BF4B-00C04F79EFBC}") = "OVNIManager2000", "OVNIManager2000\OVNIManager2000.csproj", "{7507F9ED-F540-4E7A-AEC0-5ED0FFEC37F3}"
EndProject
Project("{FAE04EC0-301F-11D3-BF4B-00C04F79EFBC}") = "BibliotecaOVNI", "BibliotecaOVNI\BibliotecaOVNI\BibliotecaOVNI.csproj", "{7577C21D-1E10-4713-BC20-5339BEE758AF}"
EndProject
Global
	GlobalSection(SolutionConfigurationPlatforms) = preSolution
		Debug|Any CPU = Debug|Any CPU
		Release|Any CPU = Release|Any CPU
	EndGlobalSection
	GlobalSection(ProjectConfigurationPlatforms) = postSolution
		{7507F9ED-F540-4E7A-AEC0-5ED0FFEC37F3}.Debug|Any CPU.ActiveCfg = Debug|Any CPU
		{7507F9ED-F540-4E7A-AEC0-5ED0FFEC37F3}.Debug|Any CPU.Build.0 = Debug|Any CPU
		{7507F9ED-F540-4E7A-AEC0-5ED0FFEC37F3}.Release|Any CPU.ActiveCfg = Release|Any CPU
		{7507F9ED-F540-4E7A-AEC0-5ED0FFEC37F3}.Release|Any CPU.Build.0 = Release|Any CPU
		{7577C21D-1E10-4713-BC20-5339BEE758AF}.Debug|Any CPU.ActiveCfg = Debug|Any CPU
		{7577C21D-1E10-4713-BC20-5339BEE758AF}.Debug|Any CPU.Build.0 = Debug|Any CPU
		{7577C21D-1E10-4713-BC20-5339BEE758AF}.Release|Any CPU.ActiveCfg = Release|Any CPU
		{7577C21D-1E10-4713-BC20-5339BEE758AF}.Release|Any CPU.Build.0 = Release|Any CPU
	EndGlobalSection
	GlobalSection(SolutionProperties) = preSolution
		HideSolutionNode = FALSE
	EndGlobalSection
	GlobalSection(ExtensibilityGlobals) = postSolution
		SolutionGuid = {DC0B4C52-56B2-44C6-9796-D82E2C49EEF3}
	EndGlobalSection
EndGlobal
